
Microsoft Visual Studio Solution File, Format Version 12.00
# Visual Studio Version 16
VisualStudioVersion = 16.0.31613.86
MinimumVisualStudioVersion = 10.0.40219.1
Project("{8BC9CEB8-8B4A-11D0-8D11-00A0C91BC942}") = "InheritanceHW", "InheritanceHW\InheritanceHW.vcxproj", "{720C7E8E-48EA-4317-809B-3629EB116124}"
EndProject
Global
	GlobalSection(SolutionConfigurationPlatforms) = preSolution
		Debug|x64 = Debug|x64
		Debug|x86 = Debug|x86
		Release|x64 = Release|x64
		Release|x86 = Release|x86
	EndGlobalSection
	GlobalSection(ProjectConfigurationPlatforms) = postSolution
		{720C7E8E-48EA-4317-809B-3629EB116124}.Debug|x64.ActiveCfg = Debug|x64
		{720C7E8E-48EA-4317-809B-3629EB116124}.Debug|x64.Build.0 = Debug|x64
		{720C7E8E-48EA-4317-809B-3629EB116124}.Debug|x86.ActiveCfg = Debug|Win32
		{720C7E8E-48EA-4317-809B-3629EB116124}.Debug|x86.Build.0 = Debug|Win32
		{720C7E8E-48EA-4317-809B-3629EB116124}.Release|x64.ActiveCfg = Release|x64
		{720C7E8E-48EA-4317-809B-3629EB116124}.Release|x64.Build.0 = Release|x64
		{720C7E8E-48EA-4317-809B-3629EB116124}.Release|x86.ActiveCfg = Release|Win32
		{720C7E8E-48EA-4317-809B-3629EB116124}.Release|x86.Build.0 = Release|Win32
	EndGlobalSection
	GlobalSection(SolutionProperties) = preSolution
		HideSolutionNode = FALSE
	EndGlobalSection
	GlobalSection(ExtensibilityGlobals) = postSolution
		SolutionGuid = {1D8B8C6E-A720-4C3B-9DAC-FC3EFE63889D}
	EndGlobalSection
EndGlobal
